// !$*UTF8*$!
{
	archiveVersion = 1;
	classes = {
	};
	objectVersion = 56;
	objects = {

/* Begin PBXBuildFile section */
		8D1E26E02A09DEEA003D9B70 /* AppDelegate.m in Sources */ = {isa = PBXBuildFile; fileRef = 8D1E26DF2A09DEEA003D9B70 /* AppDelegate.m */; };
		8D1E26E62A09DEEA003D9B70 /* ViewController.m in Sources */ = {isa = PBXBuildFile; fileRef = 8D1E26E52A09DEEA003D9B70 /* ViewController.m */; };
		8D1E26EC2A09DEEA003D9B70 /* NewsAPPDemo.xcdatamodeld in Sources */ = {isa = PBXBuildFile; fileRef = 8D1E26EA2A09DEEA003D9B70 /* NewsAPPDemo.xcdatamodeld */; };
		8D1E26EE2A09DEEA003D9B70 /* Assets.xcassets in Resources */ = {isa = PBXBuildFile; fileRef = 8D1E26ED2A09DEEA003D9B70 /* Assets.xcassets */; };
		8D1E26F12A09DEEA003D9B70 /* LaunchScreen.storyboard in Resources */ = {isa = PBXBuildFile; fileRef = 8D1E26EF2A09DEEA003D9B70 /* LaunchScreen.storyboard */; };
		8D1E26F42A09DEEA003D9B70 /* main.m in Sources */ = {isa = PBXBuildFile; fileRef = 8D1E26F32A09DEEA003D9B70 /* main.m */; };
		8DA506CC2A09E87A00524ED8 /* GTNewsViewController.m in Sources */ = {isa = PBXBuildFile; fileRef = 8DA506CB2A09E87A00524ED8 /* GTNewsViewController.m */; };
		8DA506D92A09E94100524ED8 /* GTVideoViewController.m in Sources */ = {isa = PBXBuildFile; fileRef = 8DA506D72A09E94100524ED8 /* GTVideoViewController.m */; };
		8DA506DF2A09E98900524ED8 /* GTRecommendViewController.m in Sources */ = {isa = PBXBuildFile; fileRef = 8DA506DE2A09E98900524ED8 /* GTRecommendViewController.m */; };
		8DA506E22A09E99A00524ED8 /* GTMineViewController.m in Sources */ = {isa = PBXBuildFile; fileRef = 8DA506E12A09E99A00524ED8 /* GTMineViewController.m */; };
		8DA506E72A09EEF300524ED8 /* icon.bundle in Resources */ = {isa = PBXBuildFile; fileRef = 8DA506E62A09EEF300524ED8 /* icon.bundle */; };
		8DA506EB2A0A3E5600524ED8 /* GTNormalTableViewCell.m in Sources */ = {isa = PBXBuildFile; fileRef = 8DA506EA2A0A3E5600524ED8 /* GTNormalTableViewCell.m */; };
		8DA506EE2A0B495500524ED8 /* GTDetailViewController.m in Sources */ = {isa = PBXBuildFile; fileRef = 8DA506ED2A0B495500524ED8 /* GTDetailViewController.m */; };
		8DA506F12A0B763900524ED8 /* GTDeleteCellView.m in Sources */ = {isa = PBXBuildFile; fileRef = 8DA506F02A0B763900524ED8 /* GTDeleteCellView.m */; };
		8DA506F52A0CCAE400524ED8 /* GTListLoader.m in Sources */ = {isa = PBXBuildFile; fileRef = 8DA506F42A0CCAE400524ED8 /* GTListLoader.m */; };
		8DA506F92A0CF28700524ED8 /* GTListItem.m in Sources */ = {isa = PBXBuildFile; fileRef = 8DA506F82A0CF28700524ED8 /* GTListItem.m */; };
		9DBE1170238D0F4207731E8C /* Pods_NewsAPPDemo.framework in Frameworks */ = {isa = PBXBuildFile; fileRef = E25E3F151B36F0BBBB62D8B1 /* Pods_NewsAPPDemo.framework */; };
/* End PBXBuildFile section */

/* Begin PBXFileReference section */
		1CD8E0C3B404ADCEDDFEBD5B /* Pods-NewsAPPDemo.debug.xcconfig */ = {isa = PBXFileReference; includeInIndex = 1; lastKnownFileType = text.xcconfig; name = "Pods-NewsAPPDemo.debug.xcconfig"; path = "Target Support Files/Pods-NewsAPPDemo/Pods-NewsAPPDemo.debug.xcconfig"; sourceTree = "<group>"; };
		625FA13A6D69DC804A3A4473 /* Pods-NewsAPPDemo.release.xcconfig */ = {isa = PBXFileReference; includeInIndex = 1; lastKnownFileType = text.xcconfig; name = "Pods-NewsAPPDemo.release.xcconfig"; path = "Target Support Files/Pods-NewsAPPDemo/Pods-NewsAPPDemo.release.xcconfig"; sourceTree = "<group>"; };
		8D1E26DB2A09DEE9003D9B70 /* NewsAPPDemo.app */ = {isa = PBXFileReference; explicitFileType = wrapper.application; includeInIndex = 0; path = NewsAPPDemo.app; sourceTree = BUILT_PRODUCTS_DIR; };
		8D1E26DE2A09DEEA003D9B70 /* AppDelegate.h */ = {isa = PBXFileReference; lastKnownFileType = sourcecode.c.h; path = AppDelegate.h; sourceTree = "<group>"; };
		8D1E26DF2A09DEEA003D9B70 /* AppDelegate.m */ = {isa = PBXFileReference; lastKnownFileType = sourcecode.c.objc; path = AppDelegate.m; sourceTree = "<group>"; };
		8D1E26E42A09DEEA003D9B70 /* ViewController.h */ = {isa = PBXFileReference; lastKnownFileType = sourcecode.c.h; path = ViewController.h; sourceTree = "<group>"; };
		8D1E26E52A09DEEA003D9B70 /* ViewController.m */ = {isa = PBXFileReference; lastKnownFileType = sourcecode.c.objc; path = ViewController.m; sourceTree = "<group>"; };
		8D1E26EB2A09DEEA003D9B70 /* NewsAPPDemo.xcdatamodel */ = {isa = PBXFileReference; lastKnownFileType = wrapper.xcdatamodel; path = NewsAPPDemo.xcdatamodel; sourceTree = "<group>"; };
		8D1E26ED2A09DEEA003D9B70 /* Assets.xcassets */ = {isa = PBXFileReference; lastKnownFileType = folder.assetcatalog; path = Assets.xcassets; sourceTree = "<group>"; };
		8D1E26F02A09DEEA003D9B70 /* Base */ = {isa = PBXFileReference; lastKnownFileType = file.storyboard; name = Base; path = Base.lproj/LaunchScreen.storyboard; sourceTree = "<group>"; };
		8D1E26F22A09DEEA003D9B70 /* Info.plist */ = {isa = PBXFileReference; lastKnownFileType = text.plist.xml; path = Info.plist; sourceTree = "<group>"; };
		8D1E26F32A09DEEA003D9B70 /* main.m */ = {isa = PBXFileReference; lastKnownFileType = sourcecode.c.objc; path = main.m; sourceTree = "<group>"; };
		8DA506CA2A09E87A00524ED8 /* GTNewsViewController.h */ = {isa = PBXFileReference; lastKnownFileType = sourcecode.c.h; path = GTNewsViewController.h; sourceTree = "<group>"; };
		8DA506CB2A09E87A00524ED8 /* GTNewsViewController.m */ = {isa = PBXFileReference; lastKnownFileType = sourcecode.c.objc; path = GTNewsViewController.m; sourceTree = "<group>"; };
		8DA506D72A09E94100524ED8 /* GTVideoViewController.m */ = {isa = PBXFileReference; fileEncoding = 4; lastKnownFileType = sourcecode.c.objc; path = GTVideoViewController.m; sourceTree = "<group>"; };
		8DA506D82A09E94100524ED8 /* GTVideoViewController.h */ = {isa = PBXFileReference; fileEncoding = 4; lastKnownFileType = sourcecode.c.h; path = GTVideoViewController.h; sourceTree = "<group>"; };
		8DA506DD2A09E98900524ED8 /* GTRecommendViewController.h */ = {isa = PBXFileReference; lastKnownFileType = sourcecode.c.h; path = GTRecommendViewController.h; sourceTree = "<group>"; };
		8DA506DE2A09E98900524ED8 /* GTRecommendViewController.m */ = {isa = PBXFileReference; lastKnownFileType = sourcecode.c.objc; path = GTRecommendViewController.m; sourceTree = "<group>"; };
		8DA506E02A09E99A00524ED8 /* GTMineViewController.h */ = {isa = PBXFileReference; lastKnownFileType = sourcecode.c.h; path = GTMineViewController.h; sourceTree = "<group>"; };
		8DA506E12A09E99A00524ED8 /* GTMineViewController.m */ = {isa = PBXFileReference; lastKnownFileType = sourcecode.c.objc; path = GTMineViewController.m; sourceTree = "<group>"; };
		8DA506E62A09EEF300524ED8 /* icon.bundle */ = {isa = PBXFileReference; lastKnownFileType = "wrapper.plug-in"; path = icon.bundle; sourceTree = "<group>"; };
		8DA506E92A0A3E5600524ED8 /* GTNormalTableViewCell.h */ = {isa = PBXFileReference; lastKnownFileType = sourcecode.c.h; path = GTNormalTableViewCell.h; sourceTree = "<group>"; };
		8DA506EA2A0A3E5600524ED8 /* GTNormalTableViewCell.m */ = {isa = PBXFileReference; lastKnownFileType = sourcecode.c.objc; path = GTNormalTableViewCell.m; sourceTree = "<group>"; };
		8DA506EC2A0B495500524ED8 /* GTDetailViewController.h */ = {isa = PBXFileReference; lastKnownFileType = sourcecode.c.h; path = GTDetailViewController.h; sourceTree = "<group>"; };
		8DA506ED2A0B495500524ED8 /* GTDetailViewController.m */ = {isa = PBXFileReference; lastKnownFileType = sourcecode.c.objc; path = GTDetailViewController.m; sourceTree = "<group>"; };
		8DA506EF2A0B763900524ED8 /* GTDeleteCellView.h */ = {isa = PBXFileReference; lastKnownFileType = sourcecode.c.h; path = GTDeleteCellView.h; sourceTree = "<group>"; };
		8DA506F02A0B763900524ED8 /* GTDeleteCellView.m */ = {isa = PBXFileReference; lastKnownFileType = sourcecode.c.objc; path = GTDeleteCellView.m; sourceTree = "<group>"; };
		8DA506F32A0CCAE400524ED8 /* GTListLoader.h */ = {isa = PBXFileReference; lastKnownFileType = sourcecode.c.h; path = GTListLoader.h; sourceTree = "<group>"; };
		8DA506F42A0CCAE400524ED8 /* GTListLoader.m */ = {isa = PBXFileReference; lastKnownFileType = sourcecode.c.objc; path = GTListLoader.m; sourceTree = "<group>"; };
		8DA506F72A0CF28700524ED8 /* GTListItem.h */ = {isa = PBXFileReference; lastKnownFileType = sourcecode.c.h; path = GTListItem.h; sourceTree = "<group>"; };
		8DA506F82A0CF28700524ED8 /* GTListItem.m */ = {isa = PBXFileReference; lastKnownFileType = sourcecode.c.objc; path = GTListItem.m; sourceTree = "<group>"; };
		E25E3F151B36F0BBBB62D8B1 /* Pods_NewsAPPDemo.framework */ = {isa = PBXFileReference; explicitFileType = wrapper.framework; includeInIndex = 0; path = Pods_NewsAPPDemo.framework; sourceTree = BUILT_PRODUCTS_DIR; };
/* End PBXFileReference section */

/* Begin PBXFrameworksBuildPhase section */
		8D1E26D82A09DEE9003D9B70 /* Frameworks */ = {
			isa = PBXFrameworksBuildPhase;
			buildActionMask = 2147483647;
			files = (
				9DBE1170238D0F4207731E8C /* Pods_NewsAPPDemo.framework in Frameworks */,
			);
			runOnlyForDeploymentPostprocessing = 0;
		};
/* End PBXFrameworksBuildPhase section */

/* Begin PBXGroup section */
		8D1E26D22A09DEE9003D9B70 = {
			isa = PBXGroup;
			children = (
				8DA506E62A09EEF300524ED8 /* icon.bundle */,
				8D1E26DD2A09DEE9003D9B70 /* NewsAPPDemo */,
				8D1E26DC2A09DEE9003D9B70 /* Products */,
				F4B9712C4EAE0BE618A44D1E /* Pods */,
				A9B6673DCEE4A0807AE8AB06 /* Frameworks */,
			);
			sourceTree = "<group>";
		};
		8D1E26DC2A09DEE9003D9B70 /* Products */ = {
			isa = PBXGroup;
			children = (
				8D1E26DB2A09DEE9003D9B70 /* NewsAPPDemo.app */,
			);
			name = Products;
			sourceTree = "<group>";
		};
		8D1E26DD2A09DEE9003D9B70 /* NewsAPPDemo */ = {
			isa = PBXGroup;
			children = (
				8DA506C92A09E83C00524ED8 /* Component */,
				8D1E26DE2A09DEEA003D9B70 /* AppDelegate.h */,
				8D1E26DF2A09DEEA003D9B70 /* AppDelegate.m */,
				8D1E26E42A09DEEA003D9B70 /* ViewController.h */,
				8D1E26E52A09DEEA003D9B70 /* ViewController.m */,
				8D1E26ED2A09DEEA003D9B70 /* Assets.xcassets */,
				8D1E26EF2A09DEEA003D9B70 /* LaunchScreen.storyboard */,
				8D1E26F22A09DEEA003D9B70 /* Info.plist */,
				8D1E26F32A09DEEA003D9B70 /* main.m */,
				8D1E26EA2A09DEEA003D9B70 /* NewsAPPDemo.xcdatamodeld */,
			);
			path = NewsAPPDemo;
			sourceTree = "<group>";
		};
		8DA506C92A09E83C00524ED8 /* Component */ = {
			isa = PBXGroup;
			children = (
				8DA506DA2A09E94C00524ED8 /* GTMine */,
				8DA506D52A09E94100524ED8 /* GTVideo */,
				8DA506D42A09E8CF00524ED8 /* GTRecommend */,
				8DA506CD2A09E87F00524ED8 /* GTNews */,
			);
			path = Component;
			sourceTree = "<group>";
		};
		8DA506CD2A09E87F00524ED8 /* GTNews */ = {
			isa = PBXGroup;
			children = (
				8DA506F62A0CCB2400524ED8 /* Model */,
				8DA506E82A0A3E1300524ED8 /* View */,
				8DA506CE2A09E88E00524ED8 /* Controller */,
			);
			path = GTNews;
			sourceTree = "<group>";
		};
		8DA506CE2A09E88E00524ED8 /* Controller */ = {
			isa = PBXGroup;
			children = (
				8DA506CA2A09E87A00524ED8 /* GTNewsViewController.h */,
				8DA506CB2A09E87A00524ED8 /* GTNewsViewController.m */,
				8DA506EC2A0B495500524ED8 /* GTDetailViewController.h */,
				8DA506ED2A0B495500524ED8 /* GTDetailViewController.m */,
			);
			path = Controller;
			sourceTree = "<group>";
		};
		8DA506D42A09E8CF00524ED8 /* GTRecommend */ = {
			isa = PBXGroup;
			children = (
				8DA506DB2A09E96900524ED8 /* Controller */,
			);
			path = GTRecommend;
			sourceTree = "<group>";
		};
		8DA506D52A09E94100524ED8 /* GTVideo */ = {
			isa = PBXGroup;
			children = (
				8DA506D62A09E94100524ED8 /* Controller */,
			);
			path = GTVideo;
			sourceTree = "<group>";
		};
		8DA506D62A09E94100524ED8 /* Controller */ = {
			isa = PBXGroup;
			children = (
				8DA506D82A09E94100524ED8 /* GTVideoViewController.h */,
				8DA506D72A09E94100524ED8 /* GTVideoViewController.m */,
			);
			path = Controller;
			sourceTree = "<group>";
		};
		8DA506DA2A09E94C00524ED8 /* GTMine */ = {
			isa = PBXGroup;
			children = (
				8DA506DC2A09E97200524ED8 /* Controller */,
			);
			path = GTMine;
			sourceTree = "<group>";
		};
		8DA506DB2A09E96900524ED8 /* Controller */ = {
			isa = PBXGroup;
			children = (
				8DA506DD2A09E98900524ED8 /* GTRecommendViewController.h */,
				8DA506DE2A09E98900524ED8 /* GTRecommendViewController.m */,
			);
			path = Controller;
			sourceTree = "<group>";
		};
		8DA506DC2A09E97200524ED8 /* Controller */ = {
			isa = PBXGroup;
			children = (
				8DA506E02A09E99A00524ED8 /* GTMineViewController.h */,
				8DA506E12A09E99A00524ED8 /* GTMineViewController.m */,
			);
			path = Controller;
			sourceTree = "<group>";
		};
		8DA506E82A0A3E1300524ED8 /* View */ = {
			isa = PBXGroup;
			children = (
				8DA506E92A0A3E5600524ED8 /* GTNormalTableViewCell.h */,
				8DA506EA2A0A3E5600524ED8 /* GTNormalTableViewCell.m */,
				8DA506EF2A0B763900524ED8 /* GTDeleteCellView.h */,
				8DA506F02A0B763900524ED8 /* GTDeleteCellView.m */,
			);
			path = View;
			sourceTree = "<group>";
		};
		8DA506F62A0CCB2400524ED8 /* Model */ = {
			isa = PBXGroup;
			children = (
				8DA506F32A0CCAE400524ED8 /* GTListLoader.h */,
				8DA506F42A0CCAE400524ED8 /* GTListLoader.m */,
				8DA506F72A0CF28700524ED8 /* GTListItem.h */,
				8DA506F82A0CF28700524ED8 /* GTListItem.m */,
			);
			path = Model;
			sourceTree = "<group>";
		};
		A9B6673DCEE4A0807AE8AB06 /* Frameworks */ = {
			isa = PBXGroup;
			children = (
				E25E3F151B36F0BBBB62D8B1 /* Pods_NewsAPPDemo.framework */,
			);
			name = Frameworks;
			sourceTree = "<group>";
		};
		F4B9712C4EAE0BE618A44D1E /* Pods */ = {
			isa = PBXGroup;
			children = (
				1CD8E0C3B404ADCEDDFEBD5B /* Pods-NewsAPPDemo.debug.xcconfig */,
				625FA13A6D69DC804A3A4473 /* Pods-NewsAPPDemo.release.xcconfig */,
			);
			path = Pods;
			sourceTree = "<group>";
		};
/* End PBXGroup section */

/* Begin PBXNativeTarget section */
		8D1E26DA2A09DEE9003D9B70 /* NewsAPPDemo */ = {
			isa = PBXNativeTarget;
			buildConfigurationList = 8D1E26F72A09DEEA003D9B70 /* Build configuration list for PBXNativeTarget "NewsAPPDemo" */;
			buildPhases = (
				7DE9E0AE0875CF8C5A5C08B8 /* [CP] Check Pods Manifest.lock */,
				8D1E26D72A09DEE9003D9B70 /* Sources */,
				8D1E26D82A09DEE9003D9B70 /* Frameworks */,
				8D1E26D92A09DEE9003D9B70 /* Resources */,
				28AD155A23968A96D97D9D3B /* [CP] Embed Pods Frameworks */,
			);
			buildRules = (
			);
			dependencies = (
			);
			name = NewsAPPDemo;
			productName = NewsAPPDemo;
			productReference = 8D1E26DB2A09DEE9003D9B70 /* NewsAPPDemo.app */;
			productType = "com.apple.product-type.application";
		};
/* End PBXNativeTarget section */

/* Begin PBXProject section */
		8D1E26D32A09DEE9003D9B70 /* Project object */ = {
			isa = PBXProject;
			attributes = {
				BuildIndependentTargetsInParallel = 1;
				LastUpgradeCheck = 1430;
				TargetAttributes = {
					8D1E26DA2A09DEE9003D9B70 = {
						CreatedOnToolsVersion = 14.3;
					};
				};
			};
			buildConfigurationList = 8D1E26D62A09DEE9003D9B70 /* Build configuration list for PBXProject "NewsAPPDemo" */;
			compatibilityVersion = "Xcode 14.0";
			developmentRegion = en;
			hasScannedForEncodings = 0;
			knownRegions = (
				en,
				Base,
			);
			mainGroup = 8D1E26D22A09DEE9003D9B70;
			productRefGroup = 8D1E26DC2A09DEE9003D9B70 /* Products */;
			projectDirPath = "";
			projectRoot = "";
			targets = (
				8D1E26DA2A09DEE9003D9B70 /* NewsAPPDemo */,
			);
		};
/* End PBXProject section */

/* Begin PBXResourcesBuildPhase section */
		8D1E26D92A09DEE9003D9B70 /* Resources */ = {
			isa = PBXResourcesBuildPhase;
			buildActionMask = 2147483647;
			files = (
				8D1E26F12A09DEEA003D9B70 /* LaunchScreen.storyboard in Resources */,
				8D1E26EE2A09DEEA003D9B70 /* Assets.xcassets in Resources */,
				8DA506E72A09EEF300524ED8 /* icon.bundle in Resources */,
			);
			runOnlyForDeploymentPostprocessing = 0;
		};
/* End PBXResourcesBuildPhase section */

/* Begin PBXShellScriptBuildPhase section */
		28AD155A23968A96D97D9D3B /* [CP] Embed Pods Frameworks */ = {
			isa = PBXShellScriptBuildPhase;
			buildActionMask = 2147483647;
			files = (
			);
			inputFileListPaths = (
				"${PODS_ROOT}/Target Support Files/Pods-NewsAPPDemo/Pods-NewsAPPDemo-frameworks-${CONFIGURATION}-input-files.xcfilelist",
			);
			name = "[CP] Embed Pods Frameworks";
			outputFileListPaths = (
				"${PODS_ROOT}/Target Support Files/Pods-NewsAPPDemo/Pods-NewsAPPDemo-frameworks-${CONFIGURATION}-output-files.xcfilelist",
			);
			runOnlyForDeploymentPostprocessing = 0;
			shellPath = /bin/sh;
			shellScript = "\"${PODS_ROOT}/Target Support Files/Pods-NewsAPPDemo/Pods-NewsAPPDemo-frameworks.sh\"\n";
			showEnvVarsInLog = 0;
		};
		7DE9E0AE0875CF8C5A5C08B8 /* [CP] Check Pods Manifest.lock */ = {
			isa = PBXShellScriptBuildPhase;
			buildActionMask = 2147483647;
			files = (
			);
			inputFileListPaths = (
			);
			inputPaths = (
				"${PODS_PODFILE_DIR_PATH}/Podfile.lock",
				"${PODS_ROOT}/Manifest.lock",
			);
			name = "[CP] Check Pods Manifest.lock";
			outputFileListPaths = (
			);
			outputPaths = (
				"$(DERIVED_FILE_DIR)/Pods-NewsAPPDemo-checkManifestLockResult.txt",
			);
			runOnlyForDeploymentPostprocessing = 0;
			shellPath = /bin/sh;
			shellScript = "diff \"${PODS_PODFILE_DIR_PATH}/Podfile.lock\" \"${PODS_ROOT}/Manifest.lock\" > /dev/null\nif [ $? != 0 ] ; then\n    # print error to STDERR\n    echo \"error: The sandbox is not in sync with the Podfile.lock. Run 'pod install' or update your CocoaPods installation.\" >&2\n    exit 1\nfi\n# This output is used by Xcode 'outputs' to avoid re-running this script phase.\necho \"SUCCESS\" > \"${SCRIPT_OUTPUT_FILE_0}\"\n";
			showEnvVarsInLog = 0;
		};
/* End PBXShellScriptBuildPhase section */

/* Begin PBXSourcesBuildPhase section */
		8D1E26D72A09DEE9003D9B70 /* Sources */ = {
			isa = PBXSourcesBuildPhase;
			buildActionMask = 2147483647;
			files = (
				8DA506CC2A09E87A00524ED8 /* GTNewsViewController.m in Sources */,
				8D1E26F42A09DEEA003D9B70 /* main.m in Sources */,
				8D1E26E62A09DEEA003D9B70 /* ViewController.m in Sources */,
				8DA506DF2A09E98900524ED8 /* GTRecommendViewController.m in Sources */,
				8DA506E22A09E99A00524ED8 /* GTMineViewController.m in Sources */,
				8D1E26E02A09DEEA003D9B70 /* AppDelegate.m in Sources */,
				8DA506F92A0CF28700524ED8 /* GTListItem.m in Sources */,
				8DA506EE2A0B495500524ED8 /* GTDetailViewController.m in Sources */,
				8DA506F52A0CCAE400524ED8 /* GTListLoader.m in Sources */,
				8DA506EB2A0A3E5600524ED8 /* GTNormalTableViewCell.m in Sources */,
				8D1E26EC2A09DEEA003D9B70 /* NewsAPPDemo.xcdatamodeld in Sources */,
				8DA506F12A0B763900524ED8 /* GTDeleteCellView.m in Sources */,
				8DA506D92A09E94100524ED8 /* GTVideoViewController.m in Sources */,
			);
			runOnlyForDeploymentPostprocessing = 0;
		};
/* End PBXSourcesBuildPhase section */

/* Begin PBXVariantGroup section */
		8D1E26EF2A09DEEA003D9B70 /* LaunchScreen.storyboard */ = {
			isa = PBXVariantGroup;
			children = (
				8D1E26F02A09DEEA003D9B70 /* Base */,
			);
			name = LaunchScreen.storyboard;
			sourceTree = "<group>";
		};
/* End PBXVariantGroup section */

/* Begin XCBuildConfiguration section */
		8D1E26F52A09DEEA003D9B70 /* Debug */ = {
			isa = XCBuildConfiguration;
			buildSettings = {
				ALWAYS_SEARCH_USER_PATHS = NO;
				CLANG_ANALYZER_NONNULL = YES;
				CLANG_ANALYZER_NUMBER_OBJECT_CONVERSION = YES_AGGRESSIVE;
				CLANG_CXX_LANGUAGE_STANDARD = "gnu++20";
				CLANG_ENABLE_MODULES = YES;
				CLANG_ENABLE_OBJC_ARC = YES;
				CLANG_ENABLE_OBJC_WEAK = YES;
				CLANG_WARN_BLOCK_CAPTURE_AUTORELEASING = YES;
				CLANG_WARN_BOOL_CONVERSION = YES;
				CLANG_WARN_COMMA = YES;
				CLANG_WARN_CONSTANT_CONVERSION = YES;
				CLANG_WARN_DEPRECATED_OBJC_IMPLEMENTATIONS = YES;
				CLANG_WARN_DIRECT_OBJC_ISA_USAGE = YES_ERROR;
				CLANG_WARN_DOCUMENTATION_COMMENTS = YES;
				CLANG_WARN_EMPTY_BODY = YES;
				CLANG_WARN_ENUM_CONVERSION = YES;
				CLANG_WARN_INFINITE_RECURSION = YES;
				CLANG_WARN_INT_CONVERSION = YES;
				CLANG_WARN_NON_LITERAL_NULL_CONVERSION = YES;
				CLANG_WARN_OBJC_IMPLICIT_RETAIN_SELF = YES;
				CLANG_WARN_OBJC_LITERAL_CONVERSION = YES;
				CLANG_WARN_OBJC_ROOT_CLASS = YES_ERROR;
				CLANG_WARN_QUOTED_INCLUDE_IN_FRAMEWORK_HEADER = YES;
				CLANG_WARN_RANGE_LOOP_ANALYSIS = YES;
				CLANG_WARN_STRICT_PROTOTYPES = YES;
				CLANG_WARN_SUSPICIOUS_MOVE = YES;
				CLANG_WARN_UNGUARDED_AVAILABILITY = YES_AGGRESSIVE;
				CLANG_WARN_UNREACHABLE_CODE = YES;
				CLANG_WARN__DUPLICATE_METHOD_MATCH = YES;
				COPY_PHASE_STRIP = NO;
				DEBUG_INFORMATION_FORMAT = dwarf;
				ENABLE_STRICT_OBJC_MSGSEND = YES;
				ENABLE_TESTABILITY = YES;
				GCC_C_LANGUAGE_STANDARD = gnu11;
				GCC_DYNAMIC_NO_PIC = NO;
				GCC_NO_COMMON_BLOCKS = YES;
				GCC_OPTIMIZATION_LEVEL = 0;
				GCC_PREPROCESSOR_DEFINITIONS = (
					"DEBUG=1",
					"$(inherited)",
				);
				GCC_WARN_64_TO_32_BIT_CONVERSION = YES;
				GCC_WARN_ABOUT_RETURN_TYPE = YES_ERROR;
				GCC_WARN_UNDECLARED_SELECTOR = YES;
				GCC_WARN_UNINITIALIZED_AUTOS = YES_AGGRESSIVE;
				GCC_WARN_UNUSED_FUNCTION = YES;
				GCC_WARN_UNUSED_VARIABLE = YES;
				IPHONEOS_DEPLOYMENT_TARGET = 16.4;
				MTL_ENABLE_DEBUG_INFO = INCLUDE_SOURCE;
				MTL_FAST_MATH = YES;
				ONLY_ACTIVE_ARCH = YES;
				SDKROOT = iphoneos;
			};
			name = Debug;
		};
		8D1E26F62A09DEEA003D9B70 /* Release */ = {
			isa = XCBuildConfiguration;
			buildSettings = {
				ALWAYS_SEARCH_USER_PATHS = NO;
				CLANG_ANALYZER_NONNULL = YES;
				CLANG_ANALYZER_NUMBER_OBJECT_CONVERSION = YES_AGGRESSIVE;
				CLANG_CXX_LANGUAGE_STANDARD = "gnu++20";
				CLANG_ENABLE_MODULES = YES;
				CLANG_ENABLE_OBJC_ARC = YES;
				CLANG_ENABLE_OBJC_WEAK = YES;
				CLANG_WARN_BLOCK_CAPTURE_AUTORELEASING = YES;
				CLANG_WARN_BOOL_CONVERSION = YES;
				CLANG_WARN_COMMA = YES;
				CLANG_WARN_CONSTANT_CONVERSION = YES;
				CLANG_WARN_DEPRECATED_OBJC_IMPLEMENTATIONS = YES;
				CLANG_WARN_DIRECT_OBJC_ISA_USAGE = YES_ERROR;
				CLANG_WARN_DOCUMENTATION_COMMENTS = YES;
				CLANG_WARN_EMPTY_BODY = YES;
				CLANG_WARN_ENUM_CONVERSION = YES;
				CLANG_WARN_INFINITE_RECURSION = YES;
				CLANG_WARN_INT_CONVERSION = YES;
				CLANG_WARN_NON_LITERAL_NULL_CONVERSION = YES;
				CLANG_WARN_OBJC_IMPLICIT_RETAIN_SELF = YES;
				CLANG_WARN_OBJC_LITERAL_CONVERSION = YES;
				CLANG_WARN_OBJC_ROOT_CLASS = YES_ERROR;
				CLANG_WARN_QUOTED_INCLUDE_IN_FRAMEWORK_HEADER = YES;
				CLANG_WARN_RANGE_LOOP_ANALYSIS = YES;
				CLANG_WARN_STRICT_PROTOTYPES = YES;
				CLANG_WARN_SUSPICIOUS_MOVE = YES;
				CLANG_WARN_UNGUARDED_AVAILABILITY = YES_AGGRESSIVE;
				CLANG_WARN_UNREACHABLE_CODE = YES;
				CLANG_WARN__DUPLICATE_METHOD_MATCH = YES;
				COPY_PHASE_STRIP = NO;
				DEBUG_INFORMATION_FORMAT = "dwarf-with-dsym";
				ENABLE_NS_ASSERTIONS = NO;
				ENABLE_STRICT_OBJC_MSGSEND = YES;
				GCC_C_LANGUAGE_STANDARD = gnu11;
				GCC_NO_COMMON_BLOCKS = YES;
				GCC_WARN_64_TO_32_BIT_CONVERSION = YES;
				GCC_WARN_ABOUT_RETURN_TYPE = YES_ERROR;
				GCC_WARN_UNDECLARED_SELECTOR = YES;
				GCC_WARN_UNINITIALIZED_AUTOS = YES_AGGRESSIVE;
				GCC_WARN_UNUSED_FUNCTION = YES;
				GCC_WARN_UNUSED_VARIABLE = YES;
				IPHONEOS_DEPLOYMENT_TARGET = 16.4;
				MTL_ENABLE_DEBUG_INFO = NO;
				MTL_FAST_MATH = YES;
				SDKROOT = iphoneos;
				VALIDATE_PRODUCT = YES;
			};
			name = Release;
		};
		8D1E26F82A09DEEA003D9B70 /* Debug */ = {
			isa = XCBuildConfiguration;
			baseConfigurationReference = 1CD8E0C3B404ADCEDDFEBD5B /* Pods-NewsAPPDemo.debug.xcconfig */;
			buildSettings = {
				ASSETCATALOG_COMPILER_APPICON_NAME = AppIcon;
				ASSETCATALOG_COMPILER_GLOBAL_ACCENT_COLOR_NAME = AccentColor;
				CODE_SIGN_STYLE = Automatic;
				CURRENT_PROJECT_VERSION = 1;
				DEVELOPMENT_TEAM = 82MLR5KWY4;
				GENERATE_INFOPLIST_FILE = YES;
				INFOPLIST_FILE = NewsAPPDemo/Info.plist;
				INFOPLIST_KEY_CFBundleDisplayName = "仿今日头条";
				INFOPLIST_KEY_UIApplicationSupportsIndirectInputEvents = YES;
				INFOPLIST_KEY_UILaunchStoryboardName = LaunchScreen;
				INFOPLIST_KEY_UIMainStoryboardFile = "";
				INFOPLIST_KEY_UISupportedInterfaceOrientations_iPad = "UIInterfaceOrientationPortrait UIInterfaceOrientationPortraitUpsideDown UIInterfaceOrientationLandscapeLeft UIInterfaceOrientationLandscapeRight";
				INFOPLIST_KEY_UISupportedInterfaceOrientations_iPhone = "UIInterfaceOrientationPortrait UIInterfaceOrientationLandscapeLeft UIInterfaceOrientationLandscapeRight";
				IPHONEOS_DEPLOYMENT_TARGET = 13.0;
				LD_RUNPATH_SEARCH_PATHS = (
					"$(inherited)",
					"@executable_path/Frameworks",
				);
				MARKETING_VERSION = 1.0;
				PRODUCT_BUNDLE_IDENTIFIER = HarrisonXn.NewsAPPDemo;
				PRODUCT_NAME = "$(TARGET_NAME)";
				SWIFT_EMIT_LOC_STRINGS = YES;
				TARGETED_DEVICE_FAMILY = "1,2";
			};
			name = Debug;
		};
		8D1E26F92A09DEEA003D9B70 /* Release */ = {
			isa = XCBuildConfiguration;
			baseConfigurationReference = 625FA13A6D69DC804A3A4473 /* Pods-NewsAPPDemo.release.xcconfig */;
			buildSettings = {
				ASSETCATALOG_COMPILER_APPICON_NAME = AppIcon;
				ASSETCATALOG_COMPILER_GLOBAL_ACCENT_COLOR_NAME = AccentColor;
				CODE_SIGN_STYLE = Automatic;
				CURRENT_PROJECT_VERSION = 1;
				DEVELOPMENT_TEAM = 82MLR5KWY4;
				GENERATE_INFOPLIST_FILE = YES;
				INFOPLIST_FILE = NewsAPPDemo/Info.plist;
				INFOPLIST_KEY_CFBundleDisplayName = "仿今日头条";
				INFOPLIST_KEY_UIApplicationSupportsIndirectInputEvents = YES;
				INFOPLIST_KEY_UILaunchStoryboardName = LaunchScreen;
				INFOPLIST_KEY_UIMainStoryboardFile = "";
				INFOPLIST_KEY_UISupportedInterfaceOrientations_iPad = "UIInterfaceOrientationPortrait UIInterfaceOrientationPortraitUpsideDown UIInterfaceOrientationLandscapeLeft UIInterfaceOrientationLandscapeRight";
				INFOPLIST_KEY_UISupportedInterfaceOrientations_iPhone = "UIInterfaceOrientationPortrait UIInterfaceOrientationLandscapeLeft UIInterfaceOrientationLandscapeRight";
				IPHONEOS_DEPLOYMENT_TARGET = 13.0;
				LD_RUNPATH_SEARCH_PATHS = (
					"$(inherited)",
					"@executable_path/Frameworks",
				);
				MARKETING_VERSION = 1.0;
				PRODUCT_BUNDLE_IDENTIFIER = HarrisonXn.NewsAPPDemo;
				PRODUCT_NAME = "$(TARGET_NAME)";
				SWIFT_EMIT_LOC_STRINGS = YES;
				TARGETED_DEVICE_FAMILY = "1,2";
			};
			name = Release;
		};
/* End XCBuildConfiguration section */

/* Begin XCConfigurationList section */
		8D1E26D62A09DEE9003D9B70 /* Build configuration list for PBXProject "NewsAPPDemo" */ = {
			isa = XCConfigurationList;
			buildConfigurations = (
				8D1E26F52A09DEEA003D9B70 /* Debug */,
				8D1E26F62A09DEEA003D9B70 /* Release */,
			);
			defaultConfigurationIsVisible = 0;
			defaultConfigurationName = Release;
		};
		8D1E26F72A09DEEA003D9B70 /* Build configuration list for PBXNativeTarget "NewsAPPDemo" */ = {
			isa = XCConfigurationList;
			buildConfigurations = (
				8D1E26F82A09DEEA003D9B70 /* Debug */,
				8D1E26F92A09DEEA003D9B70 /* Release */,
			);
			defaultConfigurationIsVisible = 0;
			defaultConfigurationName = Release;
		};
/* End XCConfigurationList section */

/* Begin XCVersionGroup section */
		8D1E26EA2A09DEEA003D9B70 /* NewsAPPDemo.xcdatamodeld */ = {
			isa = XCVersionGroup;
			children = (
				8D1E26EB2A09DEEA003D9B70 /* NewsAPPDemo.xcdatamodel */,
			);
			currentVersion = 8D1E26EB2A09DEEA003D9B70 /* NewsAPPDemo.xcdatamodel */;
			path = NewsAPPDemo.xcdatamodeld;
			sourceTree = "<group>";
			versionGroupType = wrapper.xcdatamodel;
		};
/* End XCVersionGroup section */
	};
	rootObject = 8D1E26D32A09DEE9003D9B70 /* Project object */;
}
